
Microsoft Visual Studio Solution File, Format Version 12.00
# Visual Studio Version 16
VisualStudioVersion = 16.0.31112.23
MinimumVisualStudioVersion = 10.0.40219.1
Project("{2150E333-8FDC-42A3-9474-1A3956D46DE8}") = "Chapter02", "Chapter02", "{7C49A6D0-EA78-495F-804E-F5ECFAF69711}"
EndProject
Project("{FAE04EC0-301F-11D3-BF4B-00C04F79EFBC}") = "DistanceConverter", "DistanceConverter\DistanceConverter.csproj", "{22CD95DC-C628-460D-8B56-538C40AAF28B}"
EndProject
Project("{FAE04EC0-301F-11D3-BF4B-00C04F79EFBC}") = "SalesCalculator", "SalesCalculator\SalesCalculator.csproj", "{F7C7D485-3EA8-4C3F-A1F0-F91F2232648A}"
EndProject
Global
	GlobalSection(SolutionConfigurationPlatforms) = preSolution
		Debug|Any CPU = Debug|Any CPU
		Release|Any CPU = Release|Any CPU
	EndGlobalSection
	GlobalSection(ProjectConfigurationPlatforms) = postSolution
		{22CD95DC-C628-460D-8B56-538C40AAF28B}.Debug|Any CPU.ActiveCfg = Debug|Any CPU
		{22CD95DC-C628-460D-8B56-538C40AAF28B}.Debug|Any CPU.Build.0 = Debug|Any CPU
		{22CD95DC-C628-460D-8B56-538C40AAF28B}.Release|Any CPU.ActiveCfg = Release|Any CPU
		{22CD95DC-C628-460D-8B56-538C40AAF28B}.Release|Any CPU.Build.0 = Release|Any CPU
		{F7C7D485-3EA8-4C3F-A1F0-F91F2232648A}.Debug|Any CPU.ActiveCfg = Debug|Any CPU
		{F7C7D485-3EA8-4C3F-A1F0-F91F2232648A}.Debug|Any CPU.Build.0 = Debug|Any CPU
		{F7C7D485-3EA8-4C3F-A1F0-F91F2232648A}.Release|Any CPU.ActiveCfg = Release|Any CPU
		{F7C7D485-3EA8-4C3F-A1F0-F91F2232648A}.Release|Any CPU.Build.0 = Release|Any CPU
	EndGlobalSection
	GlobalSection(SolutionProperties) = preSolution
		HideSolutionNode = FALSE
	EndGlobalSection
	GlobalSection(NestedProjects) = preSolution
		{22CD95DC-C628-460D-8B56-538C40AAF28B} = {7C49A6D0-EA78-495F-804E-F5ECFAF69711}
		{F7C7D485-3EA8-4C3F-A1F0-F91F2232648A} = {7C49A6D0-EA78-495F-804E-F5ECFAF69711}
	EndGlobalSection
	GlobalSection(ExtensibilityGlobals) = postSolution
		SolutionGuid = {A36792BC-7C0B-4D48-9740-4205D05DF443}
	EndGlobalSection
EndGlobal
