
Microsoft Visual Studio Solution File, Format Version 12.00
# Visual Studio Version 16
VisualStudioVersion = 16.0.31112.23
MinimumVisualStudioVersion = 10.0.40219.1
Project("{2150E333-8FDC-42A3-9474-1A3956D46DE8}") = "Chapter02", "Chapter02", "{7C49A6D0-EA78-495F-804E-F5ECFAF69711}"
EndProject
Project("{FAE04EC0-301F-11D3-BF4B-00C04F79EFBC}") = "DistanceConverter", "DistanceConverter\DistanceConverter.csproj", "{22CD95DC-C628-460D-8B56-538C40AAF28B}"
EndProject
Project("{FAE04EC0-301F-11D3-BF4B-00C04F79EFBC}") = "SalesCalculator", "SalesCalculator\SalesCalculator.csproj", "{F7C7D485-3EA8-4C3F-A1F0-F91F2232648A}"
EndProject
Project("{FAE04EC0-301F-11D3-BF4B-00C04F79EFBC}") = "Exercise1", "Exercise1\Exercise1.csproj", "{F054FF3F-0E64-454D-A12F-C84059FE8330}"
EndProject
Project("{FAE04EC0-301F-11D3-BF4B-00C04F79EFBC}") = "Exercise2", "Exercise2\Exercise2.csproj", "{7F276AE2-A474-4632-AFBE-039B185E0F04}"
EndProject
Project("{2150E333-8FDC-42A3-9474-1A3956D46DE8}") = "Exercise", "Exercise", "{7DCE2EFF-9A2F-41A4-A241-AA41D9209256}"
EndProject
Project("{FAE04EC0-301F-11D3-BF4B-00C04F79EFBC}") = "Exercise3", "Exercise3\Exercise3.csproj", "{6266ADA2-9B65-4898-8698-5C5F364302AE}"
EndProject
Project("{2150E333-8FDC-42A3-9474-1A3956D46DE8}") = "Chapter03", "Chapter03", "{099FB433-2665-44E9-B4EB-27A86E6713D3}"
EndProject
Project("{FAE04EC0-301F-11D3-BF4B-00C04F79EFBC}") = "Section01", "Section01\Section01.csproj", "{FF21289D-E53E-459F-B8D7-D3E255BB2221}"
EndProject
Project("{FAE04EC0-301F-11D3-BF4B-00C04F79EFBC}") = "Section01", "Chapter04\Section01\Section01.csproj", "{117F0BE2-E61D-421D-B2C0-478DD0CAC976}"
EndProject
Project("{2150E333-8FDC-42A3-9474-1A3956D46DE8}") = "Chapter04", "Chapter04", "{42DBCC51-DE13-46EC-A522-1DF171E36FBC}"
EndProject
Project("{FAE04EC0-301F-11D3-BF4B-00C04F79EFBC}") = "Exercise1", "Chapter04\Exercise\Exercise1\Exercise1.csproj", "{311B55BC-D178-4C64-8C1A-A049ABD36E3D}"
EndProject
Project("{2150E333-8FDC-42A3-9474-1A3956D46DE8}") = "Exercise", "Exercise", "{BE3F6EA7-82CC-40DC-B783-F6D0B8D12233}"
EndProject
Project("{FAE04EC0-301F-11D3-BF4B-00C04F79EFBC}") = "Exercise2", "Chapter04\Exercise\Exercise2\Exercise2.csproj", "{6A6F8464-230A-4E75-B35E-2238AC91C849}"
EndProject
Project("{FAE04EC0-301F-11D3-BF4B-00C04F79EFBC}") = "Exercise1", "Chapter05\Exercise1\Exercise1.csproj", "{CC6F122B-CA15-4704-9E37-90E37BF1C36C}"
EndProject
Project("{2150E333-8FDC-42A3-9474-1A3956D46DE8}") = "Chapter05", "Chapter05", "{389E8C38-7CEC-4C2E-BE0E-335170BD51A0}"
EndProject
Project("{FAE04EC0-301F-11D3-BF4B-00C04F79EFBC}") = "Test01", "TestProject\Test01\Test01.csproj", "{2BFACDC3-F44D-4199-8498-F5C3C4AC0335}"
EndProject
Project("{FAE04EC0-301F-11D3-BF4B-00C04F79EFBC}") = "Test02", "TestProject\Test02\Test02.csproj", "{E461C0A8-8900-485C-B520-E929BA33F712}"
EndProject
Project("{2150E333-8FDC-42A3-9474-1A3956D46DE8}") = "test", "test", "{9FADAEF4-07B6-46B3-ABF9-0DD5F6C3DE7C}"
EndProject
Project("{FAE04EC0-301F-11D3-BF4B-00C04F79EFBC}") = "Exercise2", "Chapter05\Exercise2\Exercise2.csproj", "{3DEFC9E2-F4BC-4CEC-8493-B7E769518553}"
EndProject
Project("{FAE04EC0-301F-11D3-BF4B-00C04F79EFBC}") = "Exercise3", "Chapter05\Exercise3\Exercise3.csproj", "{3C6FA06A-A977-454E-B0CD-1F0A1A680CA8}"
EndProject
Project("{FAE04EC0-301F-11D3-BF4B-00C04F79EFBC}") = "Section01", "Chapter06\Section01\Section01.csproj", "{56B6349A-8BEE-4102-8E6C-540B10FE74FE}"
EndProject
Project("{2150E333-8FDC-42A3-9474-1A3956D46DE8}") = "Chapter06", "Chapter06", "{69F22CFB-D86F-4EF6-BEA3-F68C68414BEE}"
EndProject
Project("{FAE04EC0-301F-11D3-BF4B-00C04F79EFBC}") = "Exercise1", "Chapter06\Exercise\Exercise1\Exercise1.csproj", "{9495C7B6-EEEA-48E8-B93A-7C90723DBCDC}"
EndProject
Project("{FAE04EC0-301F-11D3-BF4B-00C04F79EFBC}") = "Exercise2", "Chapter06\Exercise\Exercise2\Exercise2.csproj", "{344FBC96-9ACD-4E3B-AD67-14420DABF326}"
EndProject
Project("{2150E333-8FDC-42A3-9474-1A3956D46DE8}") = "Chapter08", "Chapter08", "{FFBCB96B-0874-4912-A5A4-0F2391D12BA9}"
EndProject
Project("{FAE04EC0-301F-11D3-BF4B-00C04F79EFBC}") = "Exercise1", "Chapter08\Exercise1\Exercise1.csproj", "{AEA2F282-28D2-44DE-A942-DA7A6B7FFB61}"
EndProject
Project("{2150E333-8FDC-42A3-9474-1A3956D46DE8}") = "Exercise", "Exercise", "{2C49F942-69C8-454F-8C70-7DA467416DF9}"
EndProject
Project("{FAE04EC0-301F-11D3-BF4B-00C04F79EFBC}") = "Exercise01", "Chapter08\Exercise\Exercise01\Exercise01.csproj", "{639CE7E7-171F-4692-A889-CDB17430EBDE}"
EndProject
Project("{FAE04EC0-301F-11D3-BF4B-00C04F79EFBC}") = "StopWatch", "Chapter08\StopWatch\StopWatch.csproj", "{663B3008-BAA1-4052-8473-45354A913B0F}"
EndProject
Project("{FAE04EC0-301F-11D3-BF4B-00C04F79EFBC}") = "CarReportSystem", "CarReportSystem\CarReportSystem\CarReportSystem.csproj", "{33A551E3-F73D-4001-B080-5CADD9DD65F9}"
EndProject
Project("{2150E333-8FDC-42A3-9474-1A3956D46DE8}") = "CarReport", "CarReport", "{56012AD2-966A-4211-81EB-546AA4B379C8}"
EndProject
Project("{FAE04EC0-301F-11D3-BF4B-00C04F79EFBC}") = "Exercise1", "Chapter09\Exercise1\Exercise1.csproj", "{92805F02-17EE-4D23-B4DE-4CC2A74324CD}"
EndProject
Project("{2150E333-8FDC-42A3-9474-1A3956D46DE8}") = "Chapter9", "Chapter9", "{182ECF9D-02C3-45F0-9CFE-50E3CFC448E6}"
EndProject
Project("{FAE04EC0-301F-11D3-BF4B-00C04F79EFBC}") = "Exercise2", "Chapter09\Exercise2\Exercise2.csproj", "{744D4044-95D7-4696-92CB-3A1B34AA9FD0}"
EndProject
Project("{FAE04EC0-301F-11D3-BF4B-00C04F79EFBC}") = "Exercise3", "Chapter09\Exercise3\Exercise3.csproj", "{41B4E095-C4E8-43D4-9C27-D6406757142C}"
EndProject
Project("{2150E333-8FDC-42A3-9474-1A3956D46DE8}") = "Solution Items", "Solution Items", "{F2A97915-E3F0-4481-BD18-D5F2E8E23790}"
	ProjectSection(SolutionItems) = preProject
		.editorconfig = .editorconfig
	EndProjectSection
EndProject
Project("{FAE04EC0-301F-11D3-BF4B-00C04F79EFBC}") = "Sanpuru0823", "Sanpuru0823\Sanpuru0823.csproj", "{8F42338D-3027-473A-8812-3B6D05590AE1}"
EndProject
Project("{FAE04EC0-301F-11D3-BF4B-00C04F79EFBC}") = "Section01", "Chapter11\Section01\Section01.csproj", "{91A50F69-05BA-488A-8B9A-B78B7AD2F259}"
EndProject
Project("{2150E333-8FDC-42A3-9474-1A3956D46DE8}") = "Chapter11", "Chapter11", "{14511873-FE9A-4014-A9E1-560B2E7BBA96}"
EndProject
Project("{FAE04EC0-301F-11D3-BF4B-00C04F79EFBC}") = "Exercies1", "Chapter11\Exercies1\Exercies1.csproj", "{8A00BC3B-888E-4607-82D0-BB739DC793BE}"
EndProject
Project("{FAE04EC0-301F-11D3-BF4B-00C04F79EFBC}") = "Section02", "Chapter11\Section02\Section02.csproj", "{4489619A-BC07-4661-8D22-0BEB334A16DB}"
EndProject
Project("{FAE04EC0-301F-11D3-BF4B-00C04F79EFBC}") = "Exercies2", "Chapter11\Exercies2\Exercies2.csproj", "{51D70A85-1F7D-426B-941F-5B416E346D60}"
EndProject
Project("{2150E333-8FDC-42A3-9474-1A3956D46DE8}") = "Chapter14", "Chapter14", "{40738A6B-796A-4B77-900F-BFA2140BAC68}"
EndProject
Project("{FAE04EC0-301F-11D3-BF4B-00C04F79EFBC}") = "Section04", "Chapter14\Section00\Section04.csproj", "{0885E944-EB51-4C04-B29D-74E3D6A4968B}"
EndProject
Global
	GlobalSection(SolutionConfigurationPlatforms) = preSolution
		Debug|Any CPU = Debug|Any CPU
		Release|Any CPU = Release|Any CPU
	EndGlobalSection
	GlobalSection(ProjectConfigurationPlatforms) = postSolution
		{22CD95DC-C628-460D-8B56-538C40AAF28B}.Debug|Any CPU.ActiveCfg = Debug|Any CPU
		{22CD95DC-C628-460D-8B56-538C40AAF28B}.Debug|Any CPU.Build.0 = Debug|Any CPU
		{22CD95DC-C628-460D-8B56-538C40AAF28B}.Release|Any CPU.ActiveCfg = Release|Any CPU
		{22CD95DC-C628-460D-8B56-538C40AAF28B}.Release|Any CPU.Build.0 = Release|Any CPU
		{F7C7D485-3EA8-4C3F-A1F0-F91F2232648A}.Debug|Any CPU.ActiveCfg = Debug|Any CPU
		{F7C7D485-3EA8-4C3F-A1F0-F91F2232648A}.Debug|Any CPU.Build.0 = Debug|Any CPU
		{F7C7D485-3EA8-4C3F-A1F0-F91F2232648A}.Release|Any CPU.ActiveCfg = Release|Any CPU
		{F7C7D485-3EA8-4C3F-A1F0-F91F2232648A}.Release|Any CPU.Build.0 = Release|Any CPU
		{F054FF3F-0E64-454D-A12F-C84059FE8330}.Debug|Any CPU.ActiveCfg = Debug|Any CPU
		{F054FF3F-0E64-454D-A12F-C84059FE8330}.Debug|Any CPU.Build.0 = Debug|Any CPU
		{F054FF3F-0E64-454D-A12F-C84059FE8330}.Release|Any CPU.ActiveCfg = Release|Any CPU
		{F054FF3F-0E64-454D-A12F-C84059FE8330}.Release|Any CPU.Build.0 = Release|Any CPU
		{7F276AE2-A474-4632-AFBE-039B185E0F04}.Debug|Any CPU.ActiveCfg = Debug|Any CPU
		{7F276AE2-A474-4632-AFBE-039B185E0F04}.Debug|Any CPU.Build.0 = Debug|Any CPU
		{7F276AE2-A474-4632-AFBE-039B185E0F04}.Release|Any CPU.ActiveCfg = Release|Any CPU
		{7F276AE2-A474-4632-AFBE-039B185E0F04}.Release|Any CPU.Build.0 = Release|Any CPU
		{6266ADA2-9B65-4898-8698-5C5F364302AE}.Debug|Any CPU.ActiveCfg = Debug|Any CPU
		{6266ADA2-9B65-4898-8698-5C5F364302AE}.Debug|Any CPU.Build.0 = Debug|Any CPU
		{6266ADA2-9B65-4898-8698-5C5F364302AE}.Release|Any CPU.ActiveCfg = Release|Any CPU
		{6266ADA2-9B65-4898-8698-5C5F364302AE}.Release|Any CPU.Build.0 = Release|Any CPU
		{FF21289D-E53E-459F-B8D7-D3E255BB2221}.Debug|Any CPU.ActiveCfg = Debug|Any CPU
		{FF21289D-E53E-459F-B8D7-D3E255BB2221}.Debug|Any CPU.Build.0 = Debug|Any CPU
		{FF21289D-E53E-459F-B8D7-D3E255BB2221}.Release|Any CPU.ActiveCfg = Release|Any CPU
		{FF21289D-E53E-459F-B8D7-D3E255BB2221}.Release|Any CPU.Build.0 = Release|Any CPU
		{117F0BE2-E61D-421D-B2C0-478DD0CAC976}.Debug|Any CPU.ActiveCfg = Debug|Any CPU
		{117F0BE2-E61D-421D-B2C0-478DD0CAC976}.Debug|Any CPU.Build.0 = Debug|Any CPU
		{117F0BE2-E61D-421D-B2C0-478DD0CAC976}.Release|Any CPU.ActiveCfg = Release|Any CPU
		{117F0BE2-E61D-421D-B2C0-478DD0CAC976}.Release|Any CPU.Build.0 = Release|Any CPU
		{311B55BC-D178-4C64-8C1A-A049ABD36E3D}.Debug|Any CPU.ActiveCfg = Debug|Any CPU
		{311B55BC-D178-4C64-8C1A-A049ABD36E3D}.Debug|Any CPU.Build.0 = Debug|Any CPU
		{311B55BC-D178-4C64-8C1A-A049ABD36E3D}.Release|Any CPU.ActiveCfg = Release|Any CPU
		{311B55BC-D178-4C64-8C1A-A049ABD36E3D}.Release|Any CPU.Build.0 = Release|Any CPU
		{6A6F8464-230A-4E75-B35E-2238AC91C849}.Debug|Any CPU.ActiveCfg = Debug|Any CPU
		{6A6F8464-230A-4E75-B35E-2238AC91C849}.Debug|Any CPU.Build.0 = Debug|Any CPU
		{6A6F8464-230A-4E75-B35E-2238AC91C849}.Release|Any CPU.ActiveCfg = Release|Any CPU
		{6A6F8464-230A-4E75-B35E-2238AC91C849}.Release|Any CPU.Build.0 = Release|Any CPU
		{CC6F122B-CA15-4704-9E37-90E37BF1C36C}.Debug|Any CPU.ActiveCfg = Debug|Any CPU
		{CC6F122B-CA15-4704-9E37-90E37BF1C36C}.Debug|Any CPU.Build.0 = Debug|Any CPU
		{CC6F122B-CA15-4704-9E37-90E37BF1C36C}.Release|Any CPU.ActiveCfg = Release|Any CPU
		{CC6F122B-CA15-4704-9E37-90E37BF1C36C}.Release|Any CPU.Build.0 = Release|Any CPU
		{2BFACDC3-F44D-4199-8498-F5C3C4AC0335}.Debug|Any CPU.ActiveCfg = Debug|Any CPU
		{2BFACDC3-F44D-4199-8498-F5C3C4AC0335}.Debug|Any CPU.Build.0 = Debug|Any CPU
		{2BFACDC3-F44D-4199-8498-F5C3C4AC0335}.Release|Any CPU.ActiveCfg = Release|Any CPU
		{2BFACDC3-F44D-4199-8498-F5C3C4AC0335}.Release|Any CPU.Build.0 = Release|Any CPU
		{E461C0A8-8900-485C-B520-E929BA33F712}.Debug|Any CPU.ActiveCfg = Debug|Any CPU
		{E461C0A8-8900-485C-B520-E929BA33F712}.Debug|Any CPU.Build.0 = Debug|Any CPU
		{E461C0A8-8900-485C-B520-E929BA33F712}.Release|Any CPU.ActiveCfg = Release|Any CPU
		{E461C0A8-8900-485C-B520-E929BA33F712}.Release|Any CPU.Build.0 = Release|Any CPU
		{3DEFC9E2-F4BC-4CEC-8493-B7E769518553}.Debug|Any CPU.ActiveCfg = Debug|Any CPU
		{3DEFC9E2-F4BC-4CEC-8493-B7E769518553}.Debug|Any CPU.Build.0 = Debug|Any CPU
		{3DEFC9E2-F4BC-4CEC-8493-B7E769518553}.Release|Any CPU.ActiveCfg = Release|Any CPU
		{3DEFC9E2-F4BC-4CEC-8493-B7E769518553}.Release|Any CPU.Build.0 = Release|Any CPU
		{3C6FA06A-A977-454E-B0CD-1F0A1A680CA8}.Debug|Any CPU.ActiveCfg = Debug|Any CPU
		{3C6FA06A-A977-454E-B0CD-1F0A1A680CA8}.Debug|Any CPU.Build.0 = Debug|Any CPU
		{3C6FA06A-A977-454E-B0CD-1F0A1A680CA8}.Release|Any CPU.ActiveCfg = Release|Any CPU
		{3C6FA06A-A977-454E-B0CD-1F0A1A680CA8}.Release|Any CPU.Build.0 = Release|Any CPU
		{56B6349A-8BEE-4102-8E6C-540B10FE74FE}.Debug|Any CPU.ActiveCfg = Debug|Any CPU
		{56B6349A-8BEE-4102-8E6C-540B10FE74FE}.Debug|Any CPU.Build.0 = Debug|Any CPU
		{56B6349A-8BEE-4102-8E6C-540B10FE74FE}.Release|Any CPU.ActiveCfg = Release|Any CPU
		{56B6349A-8BEE-4102-8E6C-540B10FE74FE}.Release|Any CPU.Build.0 = Release|Any CPU
		{9495C7B6-EEEA-48E8-B93A-7C90723DBCDC}.Debug|Any CPU.ActiveCfg = Debug|Any CPU
		{9495C7B6-EEEA-48E8-B93A-7C90723DBCDC}.Debug|Any CPU.Build.0 = Debug|Any CPU
		{9495C7B6-EEEA-48E8-B93A-7C90723DBCDC}.Release|Any CPU.ActiveCfg = Release|Any CPU
		{9495C7B6-EEEA-48E8-B93A-7C90723DBCDC}.Release|Any CPU.Build.0 = Release|Any CPU
		{344FBC96-9ACD-4E3B-AD67-14420DABF326}.Debug|Any CPU.ActiveCfg = Debug|Any CPU
		{344FBC96-9ACD-4E3B-AD67-14420DABF326}.Debug|Any CPU.Build.0 = Debug|Any CPU
		{344FBC96-9ACD-4E3B-AD67-14420DABF326}.Release|Any CPU.ActiveCfg = Release|Any CPU
		{344FBC96-9ACD-4E3B-AD67-14420DABF326}.Release|Any CPU.Build.0 = Release|Any CPU
		{AEA2F282-28D2-44DE-A942-DA7A6B7FFB61}.Debug|Any CPU.ActiveCfg = Debug|Any CPU
		{AEA2F282-28D2-44DE-A942-DA7A6B7FFB61}.Debug|Any CPU.Build.0 = Debug|Any CPU
		{AEA2F282-28D2-44DE-A942-DA7A6B7FFB61}.Release|Any CPU.ActiveCfg = Release|Any CPU
		{AEA2F282-28D2-44DE-A942-DA7A6B7FFB61}.Release|Any CPU.Build.0 = Release|Any CPU
		{639CE7E7-171F-4692-A889-CDB17430EBDE}.Debug|Any CPU.ActiveCfg = Debug|Any CPU
		{639CE7E7-171F-4692-A889-CDB17430EBDE}.Debug|Any CPU.Build.0 = Debug|Any CPU
		{639CE7E7-171F-4692-A889-CDB17430EBDE}.Release|Any CPU.ActiveCfg = Release|Any CPU
		{639CE7E7-171F-4692-A889-CDB17430EBDE}.Release|Any CPU.Build.0 = Release|Any CPU
		{663B3008-BAA1-4052-8473-45354A913B0F}.Debug|Any CPU.ActiveCfg = Debug|Any CPU
		{663B3008-BAA1-4052-8473-45354A913B0F}.Debug|Any CPU.Build.0 = Debug|Any CPU
		{663B3008-BAA1-4052-8473-45354A913B0F}.Release|Any CPU.ActiveCfg = Release|Any CPU
		{663B3008-BAA1-4052-8473-45354A913B0F}.Release|Any CPU.Build.0 = Release|Any CPU
		{33A551E3-F73D-4001-B080-5CADD9DD65F9}.Debug|Any CPU.ActiveCfg = Debug|Any CPU
		{33A551E3-F73D-4001-B080-5CADD9DD65F9}.Debug|Any CPU.Build.0 = Debug|Any CPU
		{33A551E3-F73D-4001-B080-5CADD9DD65F9}.Release|Any CPU.ActiveCfg = Release|Any CPU
		{33A551E3-F73D-4001-B080-5CADD9DD65F9}.Release|Any CPU.Build.0 = Release|Any CPU
		{92805F02-17EE-4D23-B4DE-4CC2A74324CD}.Debug|Any CPU.ActiveCfg = Debug|Any CPU
		{92805F02-17EE-4D23-B4DE-4CC2A74324CD}.Debug|Any CPU.Build.0 = Debug|Any CPU
		{92805F02-17EE-4D23-B4DE-4CC2A74324CD}.Release|Any CPU.ActiveCfg = Release|Any CPU
		{92805F02-17EE-4D23-B4DE-4CC2A74324CD}.Release|Any CPU.Build.0 = Release|Any CPU
		{744D4044-95D7-4696-92CB-3A1B34AA9FD0}.Debug|Any CPU.ActiveCfg = Debug|Any CPU
		{744D4044-95D7-4696-92CB-3A1B34AA9FD0}.Debug|Any CPU.Build.0 = Debug|Any CPU
		{744D4044-95D7-4696-92CB-3A1B34AA9FD0}.Release|Any CPU.ActiveCfg = Release|Any CPU
		{744D4044-95D7-4696-92CB-3A1B34AA9FD0}.Release|Any CPU.Build.0 = Release|Any CPU
		{41B4E095-C4E8-43D4-9C27-D6406757142C}.Debug|Any CPU.ActiveCfg = Debug|Any CPU
		{41B4E095-C4E8-43D4-9C27-D6406757142C}.Debug|Any CPU.Build.0 = Debug|Any CPU
		{41B4E095-C4E8-43D4-9C27-D6406757142C}.Release|Any CPU.ActiveCfg = Release|Any CPU
		{41B4E095-C4E8-43D4-9C27-D6406757142C}.Release|Any CPU.Build.0 = Release|Any CPU
		{8F42338D-3027-473A-8812-3B6D05590AE1}.Debug|Any CPU.ActiveCfg = Debug|Any CPU
		{8F42338D-3027-473A-8812-3B6D05590AE1}.Debug|Any CPU.Build.0 = Debug|Any CPU
		{8F42338D-3027-473A-8812-3B6D05590AE1}.Release|Any CPU.ActiveCfg = Release|Any CPU
		{8F42338D-3027-473A-8812-3B6D05590AE1}.Release|Any CPU.Build.0 = Release|Any CPU
		{91A50F69-05BA-488A-8B9A-B78B7AD2F259}.Debug|Any CPU.ActiveCfg = Debug|Any CPU
		{91A50F69-05BA-488A-8B9A-B78B7AD2F259}.Debug|Any CPU.Build.0 = Debug|Any CPU
		{91A50F69-05BA-488A-8B9A-B78B7AD2F259}.Release|Any CPU.ActiveCfg = Release|Any CPU
		{91A50F69-05BA-488A-8B9A-B78B7AD2F259}.Release|Any CPU.Build.0 = Release|Any CPU
		{8A00BC3B-888E-4607-82D0-BB739DC793BE}.Debug|Any CPU.ActiveCfg = Debug|Any CPU
		{8A00BC3B-888E-4607-82D0-BB739DC793BE}.Debug|Any CPU.Build.0 = Debug|Any CPU
		{8A00BC3B-888E-4607-82D0-BB739DC793BE}.Release|Any CPU.ActiveCfg = Release|Any CPU
		{8A00BC3B-888E-4607-82D0-BB739DC793BE}.Release|Any CPU.Build.0 = Release|Any CPU
		{4489619A-BC07-4661-8D22-0BEB334A16DB}.Debug|Any CPU.ActiveCfg = Debug|Any CPU
		{4489619A-BC07-4661-8D22-0BEB334A16DB}.Debug|Any CPU.Build.0 = Debug|Any CPU
		{4489619A-BC07-4661-8D22-0BEB334A16DB}.Release|Any CPU.ActiveCfg = Release|Any CPU
		{4489619A-BC07-4661-8D22-0BEB334A16DB}.Release|Any CPU.Build.0 = Release|Any CPU
		{51D70A85-1F7D-426B-941F-5B416E346D60}.Debug|Any CPU.ActiveCfg = Debug|Any CPU
		{51D70A85-1F7D-426B-941F-5B416E346D60}.Debug|Any CPU.Build.0 = Debug|Any CPU
		{51D70A85-1F7D-426B-941F-5B416E346D60}.Release|Any CPU.ActiveCfg = Release|Any CPU
		{51D70A85-1F7D-426B-941F-5B416E346D60}.Release|Any CPU.Build.0 = Release|Any CPU
		{0885E944-EB51-4C04-B29D-74E3D6A4968B}.Debug|Any CPU.ActiveCfg = Debug|Any CPU
		{0885E944-EB51-4C04-B29D-74E3D6A4968B}.Debug|Any CPU.Build.0 = Debug|Any CPU
		{0885E944-EB51-4C04-B29D-74E3D6A4968B}.Release|Any CPU.ActiveCfg = Release|Any CPU
		{0885E944-EB51-4C04-B29D-74E3D6A4968B}.Release|Any CPU.Build.0 = Release|Any CPU
	EndGlobalSection
	GlobalSection(SolutionProperties) = preSolution
		HideSolutionNode = FALSE
	EndGlobalSection
	GlobalSection(NestedProjects) = preSolution
		{22CD95DC-C628-460D-8B56-538C40AAF28B} = {7C49A6D0-EA78-495F-804E-F5ECFAF69711}
		{F7C7D485-3EA8-4C3F-A1F0-F91F2232648A} = {7C49A6D0-EA78-495F-804E-F5ECFAF69711}
		{F054FF3F-0E64-454D-A12F-C84059FE8330} = {7DCE2EFF-9A2F-41A4-A241-AA41D9209256}
		{7F276AE2-A474-4632-AFBE-039B185E0F04} = {7DCE2EFF-9A2F-41A4-A241-AA41D9209256}
		{7DCE2EFF-9A2F-41A4-A241-AA41D9209256} = {7C49A6D0-EA78-495F-804E-F5ECFAF69711}
		{6266ADA2-9B65-4898-8698-5C5F364302AE} = {7DCE2EFF-9A2F-41A4-A241-AA41D9209256}
		{FF21289D-E53E-459F-B8D7-D3E255BB2221} = {099FB433-2665-44E9-B4EB-27A86E6713D3}
		{117F0BE2-E61D-421D-B2C0-478DD0CAC976} = {42DBCC51-DE13-46EC-A522-1DF171E36FBC}
		{311B55BC-D178-4C64-8C1A-A049ABD36E3D} = {BE3F6EA7-82CC-40DC-B783-F6D0B8D12233}
		{BE3F6EA7-82CC-40DC-B783-F6D0B8D12233} = {42DBCC51-DE13-46EC-A522-1DF171E36FBC}
		{6A6F8464-230A-4E75-B35E-2238AC91C849} = {BE3F6EA7-82CC-40DC-B783-F6D0B8D12233}
		{CC6F122B-CA15-4704-9E37-90E37BF1C36C} = {389E8C38-7CEC-4C2E-BE0E-335170BD51A0}
		{2BFACDC3-F44D-4199-8498-F5C3C4AC0335} = {9FADAEF4-07B6-46B3-ABF9-0DD5F6C3DE7C}
		{E461C0A8-8900-485C-B520-E929BA33F712} = {9FADAEF4-07B6-46B3-ABF9-0DD5F6C3DE7C}
		{3DEFC9E2-F4BC-4CEC-8493-B7E769518553} = {389E8C38-7CEC-4C2E-BE0E-335170BD51A0}
		{3C6FA06A-A977-454E-B0CD-1F0A1A680CA8} = {389E8C38-7CEC-4C2E-BE0E-335170BD51A0}
		{56B6349A-8BEE-4102-8E6C-540B10FE74FE} = {69F22CFB-D86F-4EF6-BEA3-F68C68414BEE}
		{9495C7B6-EEEA-48E8-B93A-7C90723DBCDC} = {69F22CFB-D86F-4EF6-BEA3-F68C68414BEE}
		{344FBC96-9ACD-4E3B-AD67-14420DABF326} = {69F22CFB-D86F-4EF6-BEA3-F68C68414BEE}
		{AEA2F282-28D2-44DE-A942-DA7A6B7FFB61} = {FFBCB96B-0874-4912-A5A4-0F2391D12BA9}
		{2C49F942-69C8-454F-8C70-7DA467416DF9} = {FFBCB96B-0874-4912-A5A4-0F2391D12BA9}
		{639CE7E7-171F-4692-A889-CDB17430EBDE} = {2C49F942-69C8-454F-8C70-7DA467416DF9}
		{663B3008-BAA1-4052-8473-45354A913B0F} = {2C49F942-69C8-454F-8C70-7DA467416DF9}
		{33A551E3-F73D-4001-B080-5CADD9DD65F9} = {56012AD2-966A-4211-81EB-546AA4B379C8}
		{92805F02-17EE-4D23-B4DE-4CC2A74324CD} = {182ECF9D-02C3-45F0-9CFE-50E3CFC448E6}
		{182ECF9D-02C3-45F0-9CFE-50E3CFC448E6} = {FFBCB96B-0874-4912-A5A4-0F2391D12BA9}
		{744D4044-95D7-4696-92CB-3A1B34AA9FD0} = {182ECF9D-02C3-45F0-9CFE-50E3CFC448E6}
		{41B4E095-C4E8-43D4-9C27-D6406757142C} = {182ECF9D-02C3-45F0-9CFE-50E3CFC448E6}
		{91A50F69-05BA-488A-8B9A-B78B7AD2F259} = {14511873-FE9A-4014-A9E1-560B2E7BBA96}
		{8A00BC3B-888E-4607-82D0-BB739DC793BE} = {14511873-FE9A-4014-A9E1-560B2E7BBA96}
		{4489619A-BC07-4661-8D22-0BEB334A16DB} = {14511873-FE9A-4014-A9E1-560B2E7BBA96}
		{51D70A85-1F7D-426B-941F-5B416E346D60} = {14511873-FE9A-4014-A9E1-560B2E7BBA96}
		{0885E944-EB51-4C04-B29D-74E3D6A4968B} = {40738A6B-796A-4B77-900F-BFA2140BAC68}
	EndGlobalSection
	GlobalSection(ExtensibilityGlobals) = postSolution
		SolutionGuid = {A36792BC-7C0B-4D48-9740-4205D05DF443}
	EndGlobalSection
EndGlobal
